
Microsoft Visual Studio Solution File, Format Version 12.00
# Visual Studio Version 17 
VisualStudioVersion = 17.2.32516.85
MinimumVisualStudioVersion = 10.0.40219.1
Project("{9A19103F-16F7-4668-BE54-9A1E7A4F7556}") = "RemoteController.Server", "RemoteController.Server\RemoteController.Server.csproj", "{F1C8BEAC-B888-4E2A-BFFA-650BBFAC13CD}"
EndProject
Project("{FAE04EC0-301F-11D3-BF4B-00C04F79EFBC}") = "RemoteController.Client", "RemoteController.Client\RemoteController.Client.csproj", "{45ACF8AE-A2B1-4DFC-BF19-72759F4F911D}"
EndProject
Global
	GlobalSection(SolutionConfigurationPlatforms) = preSolution
		Debug|Any CPU = Debug|Any CPU
		Release|Any CPU = Release|Any CPU
	EndGlobalSection
	GlobalSection(ProjectConfigurationPlatforms) = postSolution
		{F1C8BEAC-B888-4E2A-BFFA-650BBFAC13CD}.Debug|Any CPU.ActiveCfg = Debug|Any CPU
		{F1C8BEAC-B888-4E2A-BFFA-650BBFAC13CD}.Debug|Any CPU.Build.0 = Debug|Any CPU
		{F1C8BEAC-B888-4E2A-BFFA-650BBFAC13CD}.Release|Any CPU.ActiveCfg = Release|Any CPU
		{F1C8BEAC-B888-4E2A-BFFA-650BBFAC13CD}.Release|Any CPU.Build.0 = Release|Any CPU
		{45ACF8AE-A2B1-4DFC-BF19-72759F4F911D}.Debug|Any CPU.ActiveCfg = Debug|Any CPU
		{45ACF8AE-A2B1-4DFC-BF19-72759F4F911D}.Debug|Any CPU.Build.0 = Debug|Any CPU
		{45ACF8AE-A2B1-4DFC-BF19-72759F4F911D}.Release|Any CPU.ActiveCfg = Release|Any CPU
		{45ACF8AE-A2B1-4DFC-BF19-72759F4F911D}.Release|Any CPU.Build.0 = Release|Any CPU
	EndGlobalSection
	GlobalSection(SolutionProperties) = preSolution
		HideSolutionNode = FALSE
	EndGlobalSection
	GlobalSection(ExtensibilityGlobals) = postSolution
		SolutionGuid = {2D2B0C31-0D5A-4A5E-8C3D-CF0BB63FA55A}
	EndGlobalSection
EndGlobal
